PODS:
  - IQKeyboardManagerSwift (4.0.8)
  - Realm (2.9.1):
    - Realm/Headers (= 2.9.1)
  - Realm/Headers (2.9.1)
  - RealmSwift (2.9.1):
    - Realm (= 2.9.1)

DEPENDENCIES:
  - IQKeyboardManagerSwift (= 4.0.8)
  - RealmSwift

SPEC REPOS:
  https://github.com/cocoapods/specs.git:
    - IQKeyboardManagerSwift
    - Realm
    - RealmSwift

SPEC CHECKSUMS:
  IQKeyboardManagerSwift: c04bc9f68473823f825eb44d958fce98d921bead
  Realm: f91fb43bd474c4f731a116ebf7392c75dd015920
  RealmSwift: 207f12a4a36b696c5183c60a1c06d70234a23e56

PODFILE CHECKSUM: f6cbb66f281c684a1610b8c2c32b189819bb918d

COCOAPODS: 1.5.2
