// !$*UTF8*$!
{
	archiveVersion = 1;
	classes = {
	};
	objectVersion = 48;
	objects = {

/* Begin PBXBuildFile section */
		3ACA2FDE1FA6A8EE006EA08A /* AppDelegate.swift in Sources */ = {isa = PBXBuildFile; fileRef = 3ACA2FDD1FA6A8EE006EA08A /* AppDelegate.swift */; };
		3ACA2FE31FA6A8EE006EA08A /* Main.storyboard in Resources */ = {isa = PBXBuildFile; fileRef = 3ACA2FE11FA6A8EE006EA08A /* Main.storyboard */; };
		3ACA2FE51FA6A8EE006EA08A /* Assets.xcassets in Resources */ = {isa = PBXBuildFile; fileRef = 3ACA2FE41FA6A8EE006EA08A /* Assets.xcassets */; };
		3ACA2FE81FA6A8EE006EA08A /* LaunchScreen.storyboard in Resources */ = {isa = PBXBuildFile; fileRef = 3ACA2FE61FA6A8EE006EA08A /* LaunchScreen.storyboard */; };
		3ACA2FF41FA6A962006EA08A /* VC.swift in Sources */ = {isa = PBXBuildFile; fileRef = 3ACA2FF31FA6A962006EA08A /* VC.swift */; };
		3ACA2FF61FA6A97E006EA08A /* Views.swift in Sources */ = {isa = PBXBuildFile; fileRef = 3ACA2FF51FA6A97E006EA08A /* Views.swift */; };
/* End PBXBuildFile section */

/* Begin PBXFileReference section */
		3ACA2FDA1FA6A8EE006EA08A /* Flashlight.app */ = {isa = PBXFileReference; explicitFileType = wrapper.application; includeInIndex = 0; path = Flashlight.app; sourceTree = BUILT_PRODUCTS_DIR; };
		3ACA2FDD1FA6A8EE006EA08A /* AppDelegate.swift */ = {isa = PBXFileReference; lastKnownFileType = sourcecode.swift; path = AppDelegate.swift; sourceTree = "<group>"; };
		3ACA2FE21FA6A8EE006EA08A /* Base */ = {isa = PBXFileReference; lastKnownFileType = file.storyboard; name = Base; path = Base.lproj/Main.storyboard; sourceTree = "<group>"; };
		3ACA2FE41FA6A8EE006EA08A /* Assets.xcassets */ = {isa = PBXFileReference; lastKnownFileType = folder.assetcatalog; path = Assets.xcassets; sourceTree = "<group>"; };
		3ACA2FE71FA6A8EE006EA08A /* Base */ = {isa = PBXFileReference; lastKnownFileType = file.storyboard; name = Base; path = Base.lproj/LaunchScreen.storyboard; sourceTree = "<group>"; };
		3ACA2FE91FA6A8EE006EA08A /* Info.plist */ = {isa = PBXFileReference; lastKnownFileType = text.plist.xml; path = Info.plist; sourceTree = "<group>"; };
		3ACA2FF31FA6A962006EA08A /* VC.swift */ = {isa = PBXFileReference; lastKnownFileType = sourcecode.swift; path = VC.swift; sourceTree = "<group>"; };
		3ACA2FF51FA6A97E006EA08A /* Views.swift */ = {isa = PBXFileReference; lastKnownFileType = sourcecode.swift; path = Views.swift; sourceTree = "<group>"; };
/* End PBXFileReference section */

/* Begin PBXFrameworksBuildPhase section */
		3ACA2FD71FA6A8EE006EA08A /* Frameworks */ = {
			isa = PBXFrameworksBuildPhase;
			buildActionMask = 2147483647;
			files = (
			);
			runOnlyForDeploymentPostprocessing = 0;
		};
/* End PBXFrameworksBuildPhase section */

/* Begin PBXGroup section */
		3ACA2FD11FA6A8ED006EA08A = {
			isa = PBXGroup;
			children = (
				3ACA2FDC1FA6A8EE006EA08A /* Flashlight */,
				3ACA2FDB1FA6A8EE006EA08A /* Products */,
			);
			sourceTree = "<group>";
		};
		3ACA2FDB1FA6A8EE006EA08A /* Products */ = {
			isa = PBXGroup;
			children = (
				3ACA2FDA1FA6A8EE006EA08A /* Flashlight.app */,
			);
			name = Products;
			sourceTree = "<group>";
		};
		3ACA2FDC1FA6A8EE006EA08A /* Flashlight */ = {
			isa = PBXGroup;
			children = (
				3ACA2FEF1FA6A933006EA08A /* classes */,
				3ACA2FDD1FA6A8EE006EA08A /* AppDelegate.swift */,
				3ACA2FE11FA6A8EE006EA08A /* Main.storyboard */,
				3ACA2FE41FA6A8EE006EA08A /* Assets.xcassets */,
				3ACA2FE61FA6A8EE006EA08A /* LaunchScreen.storyboard */,
				3ACA2FE91FA6A8EE006EA08A /* Info.plist */,
			);
			path = Flashlight;
			sourceTree = "<group>";
		};
		3ACA2FEF1FA6A933006EA08A /* classes */ = {
			isa = PBXGroup;
			children = (
				3ACA2FF01FA6A933006EA08A /* models */,
				3ACA2FF11FA6A933006EA08A /* controllers */,
				3ACA2FF21FA6A933006EA08A /* views */,
			);
			path = classes;
			sourceTree = "<group>";
		};
		3ACA2FF01FA6A933006EA08A /* models */ = {
			isa = PBXGroup;
			children = (
			);
			path = models;
			sourceTree = "<group>";
		};
		3ACA2FF11FA6A933006EA08A /* controllers */ = {
			isa = PBXGroup;
			children = (
				3ACA2FF31FA6A962006EA08A /* VC.swift */,
			);
			path = controllers;
			sourceTree = "<group>";
		};
		3ACA2FF21FA6A933006EA08A /* views */ = {
			isa = PBXGroup;
			children = (
				3ACA2FF51FA6A97E006EA08A /* Views.swift */,
			);
			path = views;
			sourceTree = "<group>";
		};
/* End PBXGroup section */

/* Begin PBXNativeTarget section */
		3ACA2FD91FA6A8EE006EA08A /* Flashlight */ = {
			isa = PBXNativeTarget;
			buildConfigurationList = 3ACA2FEC1FA6A8EE006EA08A /* Build configuration list for PBXNativeTarget "Flashlight" */;
			buildPhases = (
				3ACA2FD61FA6A8EE006EA08A /* Sources */,
				3ACA2FD71FA6A8EE006EA08A /* Frameworks */,
				3ACA2FD81FA6A8EE006EA08A /* Resources */,
			);
			buildRules = (
			);
			dependencies = (
			);
			name = Flashlight;
			productName = Flashlight;
			productReference = 3ACA2FDA1FA6A8EE006EA08A /* Flashlight.app */;
			productType = "com.apple.product-type.application";
		};
/* End PBXNativeTarget section */

/* Begin PBXProject section */
		3ACA2FD21FA6A8ED006EA08A /* Project object */ = {
			isa = PBXProject;
			attributes = {
				LastSwiftUpdateCheck = 0900;
				LastUpgradeCheck = 0900;
				ORGANIZATIONNAME = "陳鍵群";
				TargetAttributes = {
					3ACA2FD91FA6A8EE006EA08A = {
						CreatedOnToolsVersion = 9.0;
						ProvisioningStyle = Automatic;
					};
				};
			};
			buildConfigurationList = 3ACA2FD51FA6A8ED006EA08A /* Build configuration list for PBXProject "Flashlight" */;
			compatibilityVersion = "Xcode 8.0";
			developmentRegion = en;
			hasScannedForEncodings = 0;
			knownRegions = (
				en,
				Base,
			);
			mainGroup = 3ACA2FD11FA6A8ED006EA08A;
			productRefGroup = 3ACA2FDB1FA6A8EE006EA08A /* Products */;
			projectDirPath = "";
			projectRoot = "";
			targets = (
				3ACA2FD91FA6A8EE006EA08A /* Flashlight */,
			);
		};
/* End PBXProject section */

/* Begin PBXResourcesBuildPhase section */
		3ACA2FD81FA6A8EE006EA08A /* Resources */ = {
			isa = PBXResourcesBuildPhase;
			buildActionMask = 2147483647;
			files = (
				3ACA2FE81FA6A8EE006EA08A /* LaunchScreen.storyboard in Resources */,
				3ACA2FE51FA6A8EE006EA08A /* Assets.xcassets in Resources */,
				3ACA2FE31FA6A8EE006EA08A /* Main.storyboard in Resources */,
			);
			runOnlyForDeploymentPostprocessing = 0;
		};
/* End PBXResourcesBuildPhase section */

/* Begin PBXSourcesBuildPhase section */
		3ACA2FD61FA6A8EE006EA08A /* Sources */ = {
			isa = PBXSourcesBuildPhase;
			buildActionMask = 2147483647;
			files = (
				3ACA2FF61FA6A97E006EA08A /* Views.swift in Sources */,
				3ACA2FDE1FA6A8EE006EA08A /* AppDelegate.swift in Sources */,
				3ACA2FF41FA6A962006EA08A /* VC.swift in Sources */,
			);
			runOnlyForDeploymentPostprocessing = 0;
		};
/* End PBXSourcesBuildPhase section */

/* Begin PBXVariantGroup section */
		3ACA2FE11FA6A8EE006EA08A /* Main.storyboard */ = {
			isa = PBXVariantGroup;
			children = (
				3ACA2FE21FA6A8EE006EA08A /* Base */,
			);
			name = Main.storyboard;
			sourceTree = "<group>";
		};
		3ACA2FE61FA6A8EE006EA08A /* LaunchScreen.storyboard */ = {
			isa = PBXVariantGroup;
			children = (
				3ACA2FE71FA6A8EE006EA08A /* Base */,
			);
			name = LaunchScreen.storyboard;
			sourceTree = "<group>";
		};
/* End PBXVariantGroup section */

/* Begin XCBuildConfiguration section */
		3ACA2FEA1FA6A8EE006EA08A /* Debug */ = {
			isa = XCBuildConfiguration;
			buildSettings = {
				ALWAYS_SEARCH_USER_PATHS = NO;
				CLANG_ANALYZER_NONNULL = YES;
				CLANG_ANALYZER_NUMBER_OBJECT_CONVERSION = YES_AGGRESSIVE;
				CLANG_CXX_LANGUAGE_STANDARD = "gnu++14";
				CLANG_CXX_LIBRARY = "libc++";
				CLANG_ENABLE_MODULES = YES;
				CLANG_ENABLE_OBJC_ARC = YES;
				CLANG_WARN_BLOCK_CAPTURE_AUTORELEASING = YES;
				CLANG_WARN_BOOL_CONVERSION = YES;
				CLANG_WARN_COMMA = YES;
				CLANG_WARN_CONSTANT_CONVERSION = YES;
				CLANG_WARN_DIRECT_OBJC_ISA_USAGE = YES_ERROR;
				CLANG_WARN_DOCUMENTATION_COMMENTS = YES;
				CLANG_WARN_EMPTY_BODY = YES;
				CLANG_WARN_ENUM_CONVERSION = YES;
				CLANG_WARN_INFINITE_RECURSION = YES;
				CLANG_WARN_INT_CONVERSION = YES;
				CLANG_WARN_NON_LITERAL_NULL_CONVERSION = YES;
				CLANG_WARN_OBJC_LITERAL_CONVERSION = YES;
				CLANG_WARN_OBJC_ROOT_CLASS = YES_ERROR;
				CLANG_WARN_RANGE_LOOP_ANALYSIS = YES;
				CLANG_WARN_STRICT_PROTOTYPES = YES;
				CLANG_WARN_SUSPICIOUS_MOVE = YES;
				CLANG_WARN_UNGUARDED_AVAILABILITY = YES_AGGRESSIVE;
				CLANG_WARN_UNREACHABLE_CODE = YES;
				CLANG_WARN__DUPLICATE_METHOD_MATCH = YES;
				CODE_SIGN_IDENTITY = "iPhone Developer";
				COPY_PHASE_STRIP = NO;
				DEBUG_INFORMATION_FORMAT = dwarf;
				ENABLE_STRICT_OBJC_MSGSEND = YES;
				ENABLE_TESTABILITY = YES;
				GCC_C_LANGUAGE_STANDARD = gnu11;
				GCC_DYNAMIC_NO_PIC = NO;
				GCC_NO_COMMON_BLOCKS = YES;
				GCC_OPTIMIZATION_LEVEL = 0;
				GCC_PREPROCESSOR_DEFINITIONS = (
					"DEBUG=1",
					"$(inherited)",
				);
				GCC_WARN_64_TO_32_BIT_CONVERSION = YES;
				GCC_WARN_ABOUT_RETURN_TYPE = YES_ERROR;
				GCC_WARN_UNDECLARED_SELECTOR = YES;
				GCC_WARN_UNINITIALIZED_AUTOS = YES_AGGRESSIVE;
				GCC_WARN_UNUSED_FUNCTION = YES;
				GCC_WARN_UNUSED_VARIABLE = YES;
				IPHONEOS_DEPLOYMENT_TARGET = 11.0;
				MTL_ENABLE_DEBUG_INFO = YES;
				ONLY_ACTIVE_ARCH = YES;
				SDKROOT = iphoneos;
				SWIFT_ACTIVE_COMPILATION_CONDITIONS = DEBUG;
				SWIFT_OPTIMIZATION_LEVEL = "-Onone";
			};
			name = Debug;
		};
		3ACA2FEB1FA6A8EE006EA08A /* Release */ = {
			isa = XCBuildConfiguration;
			buildSettings = {
				ALWAYS_SEARCH_USER_PATHS = NO;
				CLANG_ANALYZER_NONNULL = YES;
				CLANG_ANALYZER_NUMBER_OBJECT_CONVERSION = YES_AGGRESSIVE;
				CLANG_CXX_LANGUAGE_STANDARD = "gnu++14";
				CLANG_CXX_LIBRARY = "libc++";
				CLANG_ENABLE_MODULES = YES;
				CLANG_ENABLE_OBJC_ARC = YES;
				CLANG_WARN_BLOCK_CAPTURE_AUTORELEASING = YES;
				CLANG_WARN_BOOL_CONVERSION = YES;
				CLANG_WARN_COMMA = YES;
				CLANG_WARN_CONSTANT_CONVERSION = YES;
				CLANG_WARN_DIRECT_OBJC_ISA_USAGE = YES_ERROR;
				CLANG_WARN_DOCUMENTATION_COMMENTS = YES;
				CLANG_WARN_EMPTY_BODY = YES;
				CLANG_WARN_ENUM_CONVERSION = YES;
				CLANG_WARN_INFINITE_RECURSION = YES;
				CLANG_WARN_INT_CONVERSION = YES;
				CLANG_WARN_NON_LITERAL_NULL_CONVERSION = YES;
				CLANG_WARN_OBJC_LITERAL_CONVERSION = YES;
				CLANG_WARN_OBJC_ROOT_CLASS = YES_ERROR;
				CLANG_WARN_RANGE_LOOP_ANALYSIS = YES;
				CLANG_WARN_STRICT_PROTOTYPES = YES;
				CLANG_WARN_SUSPICIOUS_MOVE = YES;
				CLANG_WARN_UNGUARDED_AVAILABILITY = YES_AGGRESSIVE;
				CLANG_WARN_UNREACHABLE_CODE = YES;
				CLANG_WARN__DUPLICATE_METHOD_MATCH = YES;
				CODE_SIGN_IDENTITY = "iPhone Developer";
				COPY_PHASE_STRIP = NO;
				DEBUG_INFORMATION_FORMAT = "dwarf-with-dsym";
				ENABLE_NS_ASSERTIONS = NO;
				ENABLE_STRICT_OBJC_MSGSEND = YES;
				GCC_C_LANGUAGE_STANDARD = gnu11;
				GCC_NO_COMMON_BLOCKS = YES;
				GCC_WARN_64_TO_32_BIT_CONVERSION = YES;
				GCC_WARN_ABOUT_RETURN_TYPE = YES_ERROR;
				GCC_WARN_UNDECLARED_SELECTOR = YES;
				GCC_WARN_UNINITIALIZED_AUTOS = YES_AGGRESSIVE;
				GCC_WARN_UNUSED_FUNCTION = YES;
				GCC_WARN_UNUSED_VARIABLE = YES;
				IPHONEOS_DEPLOYMENT_TARGET = 11.0;
				MTL_ENABLE_DEBUG_INFO = NO;
				SDKROOT = iphoneos;
				SWIFT_OPTIMIZATION_LEVEL = "-Owholemodule";
				VALIDATE_PRODUCT = YES;
			};
			name = Release;
		};
		3ACA2FED1FA6A8EE006EA08A /* Debug */ = {
			isa = XCBuildConfiguration;
			buildSettings = {
				ASSETCATALOG_COMPILER_APPICON_NAME = AppIcon;
				CODE_SIGN_STYLE = Automatic;
				DEVELOPMENT_TEAM = S8FBP4YLUA;
				INFOPLIST_FILE = Flashlight/Info.plist;
				LD_RUNPATH_SEARCH_PATHS = "$(inherited) @executable_path/Frameworks";
				PRODUCT_BUNDLE_IDENTIFIER = CSIEiMac.Flashlight;
				PRODUCT_NAME = "$(TARGET_NAME)";
				SWIFT_VERSION = 4.0;
				TARGETED_DEVICE_FAMILY = "1,2";
			};
			name = Debug;
		};
		3ACA2FEE1FA6A8EE006EA08A /* Release */ = {
			isa = XCBuildConfiguration;
			buildSettings = {
				ASSETCATALOG_COMPILER_APPICON_NAME = AppIcon;
				CODE_SIGN_STYLE = Automatic;
				DEVELOPMENT_TEAM = S8FBP4YLUA;
				INFOPLIST_FILE = Flashlight/Info.plist;
				LD_RUNPATH_SEARCH_PATHS = "$(inherited) @executable_path/Frameworks";
				PRODUCT_BUNDLE_IDENTIFIER = CSIEiMac.Flashlight;
				PRODUCT_NAME = "$(TARGET_NAME)";
				SWIFT_VERSION = 4.0;
				TARGETED_DEVICE_FAMILY = "1,2";
			};
			name = Release;
		};
/* End XCBuildConfiguration section */

/* Begin XCConfigurationList section */
		3ACA2FD51FA6A8ED006EA08A /* Build configuration list for PBXProject "Flashlight" */ = {
			isa = XCConfigurationList;
			buildConfigurations = (
				3ACA2FEA1FA6A8EE006EA08A /* Debug */,
				3ACA2FEB1FA6A8EE006EA08A /* Release */,
			);
			defaultConfigurationIsVisible = 0;
			defaultConfigurationName = Release;
		};
		3ACA2FEC1FA6A8EE006EA08A /* Build configuration list for PBXNativeTarget "Flashlight" */ = {
			isa = XCConfigurationList;
			buildConfigurations = (
				3ACA2FED1FA6A8EE006EA08A /* Debug */,
				3ACA2FEE1FA6A8EE006EA08A /* Release */,
			);
			defaultConfigurationIsVisible = 0;
			defaultConfigurationName = Release;
		};
/* End XCConfigurationList section */
	};
	rootObject = 3ACA2FD21FA6A8ED006EA08A /* Project object */;
}
