// !$*UTF8*$!
{
	archiveVersion = 1;
	classes = {
	};
	objectVersion = 50;
	objects = {

/* Begin PBXBuildFile section */
		3A791D4A20B6A8AB008BA46D /* AppDelegate.swift in Sources */ = {isa = PBXBuildFile; fileRef = 3A791D4920B6A8AB008BA46D /* AppDelegate.swift */; };
		3A791D4C20B6A8AB008BA46D /* ViewController.swift in Sources */ = {isa = PBXBuildFile; fileRef = 3A791D4B20B6A8AB008BA46D /* ViewController.swift */; };
		3A791D4F20B6A8AB008BA46D /* Main.storyboard in Resources */ = {isa = PBXBuildFile; fileRef = 3A791D4D20B6A8AB008BA46D /* Main.storyboard */; };
		3A791D5120B6A8AD008BA46D /* Assets.xcassets in Resources */ = {isa = PBXBuildFile; fileRef = 3A791D5020B6A8AD008BA46D /* Assets.xcassets */; };
		3A791D5420B6A8AD008BA46D /* LaunchScreen.storyboard in Resources */ = {isa = PBXBuildFile; fileRef = 3A791D5220B6A8AD008BA46D /* LaunchScreen.storyboard */; };
		3A791D5C20B6B576008BA46D /* art.scnassets in Resources */ = {isa = PBXBuildFile; fileRef = 3A791D5B20B6B576008BA46D /* art.scnassets */; };
/* End PBXBuildFile section */

/* Begin PBXFileReference section */
		3A791D4620B6A8AB008BA46D /* ARKitTest.app */ = {isa = PBXFileReference; explicitFileType = wrapper.application; includeInIndex = 0; path = ARKitTest.app; sourceTree = BUILT_PRODUCTS_DIR; };
		3A791D4920B6A8AB008BA46D /* AppDelegate.swift */ = {isa = PBXFileReference; lastKnownFileType = sourcecode.swift; path = AppDelegate.swift; sourceTree = "<group>"; };
		3A791D4B20B6A8AB008BA46D /* ViewController.swift */ = {isa = PBXFileReference; lastKnownFileType = sourcecode.swift; path = ViewController.swift; sourceTree = "<group>"; };
		3A791D4E20B6A8AB008BA46D /* Base */ = {isa = PBXFileReference; lastKnownFileType = file.storyboard; name = Base; path = Base.lproj/Main.storyboard; sourceTree = "<group>"; };
		3A791D5020B6A8AD008BA46D /* Assets.xcassets */ = {isa = PBXFileReference; lastKnownFileType = folder.assetcatalog; path = Assets.xcassets; sourceTree = "<group>"; };
		3A791D5320B6A8AD008BA46D /* Base */ = {isa = PBXFileReference; lastKnownFileType = file.storyboard; name = Base; path = Base.lproj/LaunchScreen.storyboard; sourceTree = "<group>"; };
		3A791D5520B6A8AD008BA46D /* Info.plist */ = {isa = PBXFileReference; lastKnownFileType = text.plist.xml; path = Info.plist; sourceTree = "<group>"; };
		3A791D5B20B6B576008BA46D /* art.scnassets */ = {isa = PBXFileReference; lastKnownFileType = wrapper.scnassets; path = art.scnassets; sourceTree = "<group>"; };
/* End PBXFileReference section */

/* Begin PBXFrameworksBuildPhase section */
		3A791D4320B6A8AB008BA46D /* Frameworks */ = {
			isa = PBXFrameworksBuildPhase;
			buildActionMask = 2147483647;
			files = (
			);
			runOnlyForDeploymentPostprocessing = 0;
		};
/* End PBXFrameworksBuildPhase section */

/* Begin PBXGroup section */
		3A791D3D20B6A8AB008BA46D = {
			isa = PBXGroup;
			children = (
				3A791D4820B6A8AB008BA46D /* ARKitTest */,
				3A791D4720B6A8AB008BA46D /* Products */,
			);
			sourceTree = "<group>";
		};
		3A791D4720B6A8AB008BA46D /* Products */ = {
			isa = PBXGroup;
			children = (
				3A791D4620B6A8AB008BA46D /* ARKitTest.app */,
			);
			name = Products;
			sourceTree = "<group>";
		};
		3A791D4820B6A8AB008BA46D /* ARKitTest */ = {
			isa = PBXGroup;
			children = (
				3A791D4920B6A8AB008BA46D /* AppDelegate.swift */,
				3A791D4B20B6A8AB008BA46D /* ViewController.swift */,
				3A791D4D20B6A8AB008BA46D /* Main.storyboard */,
				3A791D5B20B6B576008BA46D /* art.scnassets */,
				3A791D5020B6A8AD008BA46D /* Assets.xcassets */,
				3A791D5220B6A8AD008BA46D /* LaunchScreen.storyboard */,
				3A791D5520B6A8AD008BA46D /* Info.plist */,
			);
			path = ARKitTest;
			sourceTree = "<group>";
		};
/* End PBXGroup section */

/* Begin PBXNativeTarget section */
		3A791D4520B6A8AB008BA46D /* ARKitTest */ = {
			isa = PBXNativeTarget;
			buildConfigurationList = 3A791D5820B6A8AD008BA46D /* Build configuration list for PBXNativeTarget "ARKitTest" */;
			buildPhases = (
				3A791D4220B6A8AB008BA46D /* Sources */,
				3A791D4320B6A8AB008BA46D /* Frameworks */,
				3A791D4420B6A8AB008BA46D /* Resources */,
			);
			buildRules = (
			);
			dependencies = (
			);
			name = ARKitTest;
			productName = ARKitTest;
			productReference = 3A791D4620B6A8AB008BA46D /* ARKitTest.app */;
			productType = "com.apple.product-type.application";
		};
/* End PBXNativeTarget section */

/* Begin PBXProject section */
		3A791D3E20B6A8AB008BA46D /* Project object */ = {
			isa = PBXProject;
			attributes = {
				LastSwiftUpdateCheck = 0930;
				LastUpgradeCheck = 0930;
				ORGANIZATIONNAME = "陳鍵群";
				TargetAttributes = {
					3A791D4520B6A8AB008BA46D = {
						CreatedOnToolsVersion = 9.3.1;
					};
				};
			};
			buildConfigurationList = 3A791D4120B6A8AB008BA46D /* Build configuration list for PBXProject "ARKitTest" */;
			compatibilityVersion = "Xcode 9.3";
			developmentRegion = en;
			hasScannedForEncodings = 0;
			knownRegions = (
				en,
				Base,
			);
			mainGroup = 3A791D3D20B6A8AB008BA46D;
			productRefGroup = 3A791D4720B6A8AB008BA46D /* Products */;
			projectDirPath = "";
			projectRoot = "";
			targets = (
				3A791D4520B6A8AB008BA46D /* ARKitTest */,
			);
		};
/* End PBXProject section */

/* Begin PBXResourcesBuildPhase section */
		3A791D4420B6A8AB008BA46D /* Resources */ = {
			isa = PBXResourcesBuildPhase;
			buildActionMask = 2147483647;
			files = (
				3A791D5420B6A8AD008BA46D /* LaunchScreen.storyboard in Resources */,
				3A791D5C20B6B576008BA46D /* art.scnassets in Resources */,
				3A791D5120B6A8AD008BA46D /* Assets.xcassets in Resources */,
				3A791D4F20B6A8AB008BA46D /* Main.storyboard in Resources */,
			);
			runOnlyForDeploymentPostprocessing = 0;
		};
/* End PBXResourcesBuildPhase section */

/* Begin PBXSourcesBuildPhase section */
		3A791D4220B6A8AB008BA46D /* Sources */ = {
			isa = PBXSourcesBuildPhase;
			buildActionMask = 2147483647;
			files = (
				3A791D4C20B6A8AB008BA46D /* ViewController.swift in Sources */,
				3A791D4A20B6A8AB008BA46D /* AppDelegate.swift in Sources */,
			);
			runOnlyForDeploymentPostprocessing = 0;
		};
/* End PBXSourcesBuildPhase section */

/* Begin PBXVariantGroup section */
		3A791D4D20B6A8AB008BA46D /* Main.storyboard */ = {
			isa = PBXVariantGroup;
			children = (
				3A791D4E20B6A8AB008BA46D /* Base */,
			);
			name = Main.storyboard;
			sourceTree = "<group>";
		};
		3A791D5220B6A8AD008BA46D /* LaunchScreen.storyboard */ = {
			isa = PBXVariantGroup;
			children = (
				3A791D5320B6A8AD008BA46D /* Base */,
			);
			name = LaunchScreen.storyboard;
			sourceTree = "<group>";
		};
/* End PBXVariantGroup section */

/* Begin XCBuildConfiguration section */
		3A791D5620B6A8AD008BA46D /* Debug */ = {
			isa = XCBuildConfiguration;
			buildSettings = {
				ALWAYS_SEARCH_USER_PATHS = NO;
				CLANG_ANALYZER_NONNULL = YES;
				CLANG_ANALYZER_NUMBER_OBJECT_CONVERSION = YES_AGGRESSIVE;
				CLANG_CXX_LANGUAGE_STANDARD = "gnu++14";
				CLANG_CXX_LIBRARY = "libc++";
				CLANG_ENABLE_MODULES = YES;
				CLANG_ENABLE_OBJC_ARC = YES;
				CLANG_ENABLE_OBJC_WEAK = YES;
				CLANG_WARN_BLOCK_CAPTURE_AUTORELEASING = YES;
				CLANG_WARN_BOOL_CONVERSION = YES;
				CLANG_WARN_COMMA = YES;
				CLANG_WARN_CONSTANT_CONVERSION = YES;
				CLANG_WARN_DEPRECATED_OBJC_IMPLEMENTATIONS = YES;
				CLANG_WARN_DIRECT_OBJC_ISA_USAGE = YES_ERROR;
				CLANG_WARN_DOCUMENTATION_COMMENTS = YES;
				CLANG_WARN_EMPTY_BODY = YES;
				CLANG_WARN_ENUM_CONVERSION = YES;
				CLANG_WARN_INFINITE_RECURSION = YES;
				CLANG_WARN_INT_CONVERSION = YES;
				CLANG_WARN_NON_LITERAL_NULL_CONVERSION = YES;
				CLANG_WARN_OBJC_IMPLICIT_RETAIN_SELF = YES;
				CLANG_WARN_OBJC_LITERAL_CONVERSION = YES;
				CLANG_WARN_OBJC_ROOT_CLASS = YES_ERROR;
				CLANG_WARN_RANGE_LOOP_ANALYSIS = YES;
				CLANG_WARN_STRICT_PROTOTYPES = YES;
				CLANG_WARN_SUSPICIOUS_MOVE = YES;
				CLANG_WARN_UNGUARDED_AVAILABILITY = YES_AGGRESSIVE;
				CLANG_WARN_UNREACHABLE_CODE = YES;
				CLANG_WARN__DUPLICATE_METHOD_MATCH = YES;
				CODE_SIGN_IDENTITY = "iPhone Developer";
				COPY_PHASE_STRIP = NO;
				DEBUG_INFORMATION_FORMAT = dwarf;
				ENABLE_STRICT_OBJC_MSGSEND = YES;
				ENABLE_TESTABILITY = YES;
				GCC_C_LANGUAGE_STANDARD = gnu11;
				GCC_DYNAMIC_NO_PIC = NO;
				GCC_NO_COMMON_BLOCKS = YES;
				GCC_OPTIMIZATION_LEVEL = 0;
				GCC_PREPROCESSOR_DEFINITIONS = (
					"DEBUG=1",
					"$(inherited)",
				);
				GCC_WARN_64_TO_32_BIT_CONVERSION = YES;
				GCC_WARN_ABOUT_RETURN_TYPE = YES_ERROR;
				GCC_WARN_UNDECLARED_SELECTOR = YES;
				GCC_WARN_UNINITIALIZED_AUTOS = YES_AGGRESSIVE;
				GCC_WARN_UNUSED_FUNCTION = YES;
				GCC_WARN_UNUSED_VARIABLE = YES;
				IPHONEOS_DEPLOYMENT_TARGET = 11.3;
				MTL_ENABLE_DEBUG_INFO = YES;
				ONLY_ACTIVE_ARCH = YES;
				SDKROOT = iphoneos;
				SWIFT_ACTIVE_COMPILATION_CONDITIONS = DEBUG;
				SWIFT_OPTIMIZATION_LEVEL = "-Onone";
			};
			name = Debug;
		};
		3A791D5720B6A8AD008BA46D /* Release */ = {
			isa = XCBuildConfiguration;
			buildSettings = {
				ALWAYS_SEARCH_USER_PATHS = NO;
				CLANG_ANALYZER_NONNULL = YES;
				CLANG_ANALYZER_NUMBER_OBJECT_CONVERSION = YES_AGGRESSIVE;
				CLANG_CXX_LANGUAGE_STANDARD = "gnu++14";
				CLANG_CXX_LIBRARY = "libc++";
				CLANG_ENABLE_MODULES = YES;
				CLANG_ENABLE_OBJC_ARC = YES;
				CLANG_ENABLE_OBJC_WEAK = YES;
				CLANG_WARN_BLOCK_CAPTURE_AUTORELEASING = YES;
				CLANG_WARN_BOOL_CONVERSION = YES;
				CLANG_WARN_COMMA = YES;
				CLANG_WARN_CONSTANT_CONVERSION = YES;
				CLANG_WARN_DEPRECATED_OBJC_IMPLEMENTATIONS = YES;
				CLANG_WARN_DIRECT_OBJC_ISA_USAGE = YES_ERROR;
				CLANG_WARN_DOCUMENTATION_COMMENTS = YES;
				CLANG_WARN_EMPTY_BODY = YES;
				CLANG_WARN_ENUM_CONVERSION = YES;
				CLANG_WARN_INFINITE_RECURSION = YES;
				CLANG_WARN_INT_CONVERSION = YES;
				CLANG_WARN_NON_LITERAL_NULL_CONVERSION = YES;
				CLANG_WARN_OBJC_IMPLICIT_RETAIN_SELF = YES;
				CLANG_WARN_OBJC_LITERAL_CONVERSION = YES;
				CLANG_WARN_OBJC_ROOT_CLASS = YES_ERROR;
				CLANG_WARN_RANGE_LOOP_ANALYSIS = YES;
				CLANG_WARN_STRICT_PROTOTYPES = YES;
				CLANG_WARN_SUSPICIOUS_MOVE = YES;
				CLANG_WARN_UNGUARDED_AVAILABILITY = YES_AGGRESSIVE;
				CLANG_WARN_UNREACHABLE_CODE = YES;
				CLANG_WARN__DUPLICATE_METHOD_MATCH = YES;
				CODE_SIGN_IDENTITY = "iPhone Developer";
				COPY_PHASE_STRIP = NO;
				DEBUG_INFORMATION_FORMAT = "dwarf-with-dsym";
				ENABLE_NS_ASSERTIONS = NO;
				ENABLE_STRICT_OBJC_MSGSEND = YES;
				GCC_C_LANGUAGE_STANDARD = gnu11;
				GCC_NO_COMMON_BLOCKS = YES;
				GCC_WARN_64_TO_32_BIT_CONVERSION = YES;
				GCC_WARN_ABOUT_RETURN_TYPE = YES_ERROR;
				GCC_WARN_UNDECLARED_SELECTOR = YES;
				GCC_WARN_UNINITIALIZED_AUTOS = YES_AGGRESSIVE;
				GCC_WARN_UNUSED_FUNCTION = YES;
				GCC_WARN_UNUSED_VARIABLE = YES;
				IPHONEOS_DEPLOYMENT_TARGET = 11.3;
				MTL_ENABLE_DEBUG_INFO = NO;
				SDKROOT = iphoneos;
				SWIFT_COMPILATION_MODE = wholemodule;
				SWIFT_OPTIMIZATION_LEVEL = "-O";
				VALIDATE_PRODUCT = YES;
			};
			name = Release;
		};
		3A791D5920B6A8AD008BA46D /* Debug */ = {
			isa = XCBuildConfiguration;
			buildSettings = {
				ASSETCATALOG_COMPILER_APPICON_NAME = AppIcon;
				CODE_SIGN_STYLE = Automatic;
				DEVELOPMENT_TEAM = S8FBP4YLUA;
				INFOPLIST_FILE = ARKitTest/Info.plist;
				LD_RUNPATH_SEARCH_PATHS = (
					"$(inherited)",
					"@executable_path/Frameworks",
				);
				PRODUCT_BUNDLE_IDENTIFIER = CSIEiMac.ARKitTest;
				PRODUCT_NAME = "$(TARGET_NAME)";
				SWIFT_VERSION = 4.0;
				TARGETED_DEVICE_FAMILY = "1,2";
			};
			name = Debug;
		};
		3A791D5A20B6A8AD008BA46D /* Release */ = {
			isa = XCBuildConfiguration;
			buildSettings = {
				ASSETCATALOG_COMPILER_APPICON_NAME = AppIcon;
				CODE_SIGN_STYLE = Automatic;
				DEVELOPMENT_TEAM = S8FBP4YLUA;
				INFOPLIST_FILE = ARKitTest/Info.plist;
				LD_RUNPATH_SEARCH_PATHS = (
					"$(inherited)",
					"@executable_path/Frameworks",
				);
				PRODUCT_BUNDLE_IDENTIFIER = CSIEiMac.ARKitTest;
				PRODUCT_NAME = "$(TARGET_NAME)";
				SWIFT_VERSION = 4.0;
				TARGETED_DEVICE_FAMILY = "1,2";
			};
			name = Release;
		};
/* End XCBuildConfiguration section */

/* Begin XCConfigurationList section */
		3A791D4120B6A8AB008BA46D /* Build configuration list for PBXProject "ARKitTest" */ = {
			isa = XCConfigurationList;
			buildConfigurations = (
				3A791D5620B6A8AD008BA46D /* Debug */,
				3A791D5720B6A8AD008BA46D /* Release */,
			);
			defaultConfigurationIsVisible = 0;
			defaultConfigurationName = Release;
		};
		3A791D5820B6A8AD008BA46D /* Build configuration list for PBXNativeTarget "ARKitTest" */ = {
			isa = XCConfigurationList;
			buildConfigurations = (
				3A791D5920B6A8AD008BA46D /* Debug */,
				3A791D5A20B6A8AD008BA46D /* Release */,
			);
			defaultConfigurationIsVisible = 0;
			defaultConfigurationName = Release;
		};
/* End XCConfigurationList section */
	};
	rootObject = 3A791D3E20B6A8AB008BA46D /* Project object */;
}
