// !$*UTF8*$!
{
	archiveVersion = 1;
	classes = {
	};
	objectVersion = 50;
	objects = {

/* Begin PBXBuildFile section */
		3AFAC63B21F0207F0034739D /* AppDelegate.swift in Sources */ = {isa = PBXBuildFile; fileRef = 3AFAC63A21F0207F0034739D /* AppDelegate.swift */; };
		3AFAC63D21F0207F0034739D /* ViewController.swift in Sources */ = {isa = PBXBuildFile; fileRef = 3AFAC63C21F0207F0034739D /* ViewController.swift */; };
		3AFAC64021F0207F0034739D /* Main.storyboard in Resources */ = {isa = PBXBuildFile; fileRef = 3AFAC63E21F0207F0034739D /* Main.storyboard */; };
		3AFAC64221F020800034739D /* Assets.xcassets in Resources */ = {isa = PBXBuildFile; fileRef = 3AFAC64121F020800034739D /* Assets.xcassets */; };
		3AFAC64521F020800034739D /* LaunchScreen.storyboard in Resources */ = {isa = PBXBuildFile; fileRef = 3AFAC64321F020800034739D /* LaunchScreen.storyboard */; };
		3AFAC65021F021300034739D /* Localizable.strings in Resources */ = {isa = PBXBuildFile; fileRef = 3AFAC65221F021300034739D /* Localizable.strings */; };
		3AFAC65921F048010034739D /* LocalizeObject.swift in Sources */ = {isa = PBXBuildFile; fileRef = 3AFAC65821F048010034739D /* LocalizeObject.swift */; };
/* End PBXBuildFile section */

/* Begin PBXFileReference section */
		3AD0C41622212CA100FD3AE6 /* en */ = {isa = PBXFileReference; lastKnownFileType = text.plist.strings; name = en; path = en.lproj/Main.strings; sourceTree = "<group>"; };
		3AFAC63721F0207F0034739D /* LocalizeDemo.app */ = {isa = PBXFileReference; explicitFileType = wrapper.application; includeInIndex = 0; path = LocalizeDemo.app; sourceTree = BUILT_PRODUCTS_DIR; };
		3AFAC63A21F0207F0034739D /* AppDelegate.swift */ = {isa = PBXFileReference; lastKnownFileType = sourcecode.swift; path = AppDelegate.swift; sourceTree = "<group>"; };
		3AFAC63C21F0207F0034739D /* ViewController.swift */ = {isa = PBXFileReference; lastKnownFileType = sourcecode.swift; path = ViewController.swift; sourceTree = "<group>"; };
		3AFAC63F21F0207F0034739D /* Base */ = {isa = PBXFileReference; lastKnownFileType = file.storyboard; name = Base; path = Base.lproj/Main.storyboard; sourceTree = "<group>"; };
		3AFAC64121F020800034739D /* Assets.xcassets */ = {isa = PBXFileReference; lastKnownFileType = folder.assetcatalog; path = Assets.xcassets; sourceTree = "<group>"; };
		3AFAC64421F020800034739D /* Base */ = {isa = PBXFileReference; lastKnownFileType = file.storyboard; name = Base; path = Base.lproj/LaunchScreen.storyboard; sourceTree = "<group>"; };
		3AFAC64621F020800034739D /* Info.plist */ = {isa = PBXFileReference; lastKnownFileType = text.plist.xml; path = Info.plist; sourceTree = "<group>"; };
		3AFAC64C21F020EF0034739D /* zh-Hans */ = {isa = PBXFileReference; lastKnownFileType = text.plist.strings; name = "zh-Hans"; path = "zh-Hans.lproj/Main.strings"; sourceTree = "<group>"; };
		3AFAC64D21F020EF0034739D /* zh-Hans */ = {isa = PBXFileReference; lastKnownFileType = text.plist.strings; name = "zh-Hans"; path = "zh-Hans.lproj/LaunchScreen.strings"; sourceTree = "<group>"; };
		3AFAC65121F021300034739D /* en */ = {isa = PBXFileReference; lastKnownFileType = text.plist.strings; name = en; path = en.lproj/Localizable.strings; sourceTree = "<group>"; };
		3AFAC65321F021630034739D /* zh-Hans */ = {isa = PBXFileReference; lastKnownFileType = text.plist.strings; name = "zh-Hans"; path = "zh-Hans.lproj/Localizable.strings"; sourceTree = "<group>"; };
		3AFAC65421F02BE90034739D /* zh-Hant */ = {isa = PBXFileReference; lastKnownFileType = text.plist.strings; name = "zh-Hant"; path = "zh-Hant.lproj/Main.strings"; sourceTree = "<group>"; };
		3AFAC65521F02BE90034739D /* zh-Hant */ = {isa = PBXFileReference; lastKnownFileType = text.plist.strings; name = "zh-Hant"; path = "zh-Hant.lproj/LaunchScreen.strings"; sourceTree = "<group>"; };
		3AFAC65621F02BE90034739D /* zh-Hant */ = {isa = PBXFileReference; lastKnownFileType = text.plist.strings; name = "zh-Hant"; path = "zh-Hant.lproj/Localizable.strings"; sourceTree = "<group>"; };
		3AFAC65821F048010034739D /* LocalizeObject.swift */ = {isa = PBXFileReference; lastKnownFileType = sourcecode.swift; path = LocalizeObject.swift; sourceTree = "<group>"; };
/* End PBXFileReference section */

/* Begin PBXFrameworksBuildPhase section */
		3AFAC63421F0207F0034739D /* Frameworks */ = {
			isa = PBXFrameworksBuildPhase;
			buildActionMask = 2147483647;
			files = (
			);
			runOnlyForDeploymentPostprocessing = 0;
		};
/* End PBXFrameworksBuildPhase section */

/* Begin PBXGroup section */
		3AFAC62E21F0207E0034739D = {
			isa = PBXGroup;
			children = (
				3AFAC63921F0207F0034739D /* LocalizeDemo */,
				3AFAC63821F0207F0034739D /* Products */,
			);
			sourceTree = "<group>";
		};
		3AFAC63821F0207F0034739D /* Products */ = {
			isa = PBXGroup;
			children = (
				3AFAC63721F0207F0034739D /* LocalizeDemo.app */,
			);
			name = Products;
			sourceTree = "<group>";
		};
		3AFAC63921F0207F0034739D /* LocalizeDemo */ = {
			isa = PBXGroup;
			children = (
				3AFAC63A21F0207F0034739D /* AppDelegate.swift */,
				3AFAC63C21F0207F0034739D /* ViewController.swift */,
				3AFAC65821F048010034739D /* LocalizeObject.swift */,
				3AFAC65221F021300034739D /* Localizable.strings */,
				3AFAC63E21F0207F0034739D /* Main.storyboard */,
				3AFAC64121F020800034739D /* Assets.xcassets */,
				3AFAC64321F020800034739D /* LaunchScreen.storyboard */,
				3AFAC64621F020800034739D /* Info.plist */,
			);
			path = LocalizeDemo;
			sourceTree = "<group>";
		};
/* End PBXGroup section */

/* Begin PBXNativeTarget section */
		3AFAC63621F0207F0034739D /* LocalizeDemo */ = {
			isa = PBXNativeTarget;
			buildConfigurationList = 3AFAC64921F020800034739D /* Build configuration list for PBXNativeTarget "LocalizeDemo" */;
			buildPhases = (
				3AFAC65721F02E5D0034739D /* ShellScript */,
				3AFAC63321F0207F0034739D /* Sources */,
				3AFAC63421F0207F0034739D /* Frameworks */,
				3AFAC63521F0207F0034739D /* Resources */,
			);
			buildRules = (
			);
			dependencies = (
			);
			name = LocalizeDemo;
			productName = LocalizeDemo;
			productReference = 3AFAC63721F0207F0034739D /* LocalizeDemo.app */;
			productType = "com.apple.product-type.application";
		};
/* End PBXNativeTarget section */

/* Begin PBXProject section */
		3AFAC62F21F0207E0034739D /* Project object */ = {
			isa = PBXProject;
			attributes = {
				LastSwiftUpdateCheck = 1010;
				LastUpgradeCheck = 1010;
				ORGANIZATIONNAME = "陳鍵群";
				TargetAttributes = {
					3AFAC63621F0207F0034739D = {
						CreatedOnToolsVersion = 10.1;
					};
				};
			};
			buildConfigurationList = 3AFAC63221F0207E0034739D /* Build configuration list for PBXProject "LocalizeDemo" */;
			compatibilityVersion = "Xcode 9.3";
			developmentRegion = en;
			hasScannedForEncodings = 0;
			knownRegions = (
				en,
				Base,
				"zh-Hans",
				"zh-Hant",
			);
			mainGroup = 3AFAC62E21F0207E0034739D;
			productRefGroup = 3AFAC63821F0207F0034739D /* Products */;
			projectDirPath = "";
			projectRoot = "";
			targets = (
				3AFAC63621F0207F0034739D /* LocalizeDemo */,
			);
		};
/* End PBXProject section */

/* Begin PBXResourcesBuildPhase section */
		3AFAC63521F0207F0034739D /* Resources */ = {
			isa = PBXResourcesBuildPhase;
			buildActionMask = 2147483647;
			files = (
				3AFAC64521F020800034739D /* LaunchScreen.storyboard in Resources */,
				3AFAC65021F021300034739D /* Localizable.strings in Resources */,
				3AFAC64221F020800034739D /* Assets.xcassets in Resources */,
				3AFAC64021F0207F0034739D /* Main.storyboard in Resources */,
			);
			runOnlyForDeploymentPostprocessing = 0;
		};
/* End PBXResourcesBuildPhase section */

/* Begin PBXShellScriptBuildPhase section */
		3AFAC65721F02E5D0034739D /* ShellScript */ = {
			isa = PBXShellScriptBuildPhase;
			buildActionMask = 12;
			files = (
			);
			inputFileListPaths = (
			);
			inputPaths = (
			);
			outputFileListPaths = (
			);
			outputPaths = (
			);
			runOnlyForDeploymentPostprocessing = 0;
			shellPath = /bin/sh;
			shellScript = "# Type a script or drag a script file from your workspace to insert its path.\n";
		};
/* End PBXShellScriptBuildPhase section */

/* Begin PBXSourcesBuildPhase section */
		3AFAC63321F0207F0034739D /* Sources */ = {
			isa = PBXSourcesBuildPhase;
			buildActionMask = 2147483647;
			files = (
				3AFAC63D21F0207F0034739D /* ViewController.swift in Sources */,
				3AFAC65921F048010034739D /* LocalizeObject.swift in Sources */,
				3AFAC63B21F0207F0034739D /* AppDelegate.swift in Sources */,
			);
			runOnlyForDeploymentPostprocessing = 0;
		};
/* End PBXSourcesBuildPhase section */

/* Begin PBXVariantGroup section */
		3AFAC63E21F0207F0034739D /* Main.storyboard */ = {
			isa = PBXVariantGroup;
			children = (
				3AFAC63F21F0207F0034739D /* Base */,
				3AFAC64C21F020EF0034739D /* zh-Hans */,
				3AFAC65421F02BE90034739D /* zh-Hant */,
				3AD0C41622212CA100FD3AE6 /* en */,
			);
			name = Main.storyboard;
			sourceTree = "<group>";
		};
		3AFAC64321F020800034739D /* LaunchScreen.storyboard */ = {
			isa = PBXVariantGroup;
			children = (
				3AFAC64421F020800034739D /* Base */,
				3AFAC64D21F020EF0034739D /* zh-Hans */,
				3AFAC65521F02BE90034739D /* zh-Hant */,
			);
			name = LaunchScreen.storyboard;
			sourceTree = "<group>";
		};
		3AFAC65221F021300034739D /* Localizable.strings */ = {
			isa = PBXVariantGroup;
			children = (
				3AFAC65121F021300034739D /* en */,
				3AFAC65321F021630034739D /* zh-Hans */,
				3AFAC65621F02BE90034739D /* zh-Hant */,
			);
			name = Localizable.strings;
			sourceTree = "<group>";
		};
/* End PBXVariantGroup section */

/* Begin XCBuildConfiguration section */
		3AFAC64721F020800034739D /* Debug */ = {
			isa = XCBuildConfiguration;
			buildSettings = {
				ALWAYS_SEARCH_USER_PATHS = NO;
				CLANG_ANALYZER_LOCALIZABILITY_NONLOCALIZED = YES;
				CLANG_ANALYZER_NONNULL = YES;
				CLANG_ANALYZER_NUMBER_OBJECT_CONVERSION = YES_AGGRESSIVE;
				CLANG_CXX_LANGUAGE_STANDARD = "gnu++14";
				CLANG_CXX_LIBRARY = "libc++";
				CLANG_ENABLE_MODULES = YES;
				CLANG_ENABLE_OBJC_ARC = YES;
				CLANG_ENABLE_OBJC_WEAK = YES;
				CLANG_WARN_BLOCK_CAPTURE_AUTORELEASING = YES;
				CLANG_WARN_BOOL_CONVERSION = YES;
				CLANG_WARN_COMMA = YES;
				CLANG_WARN_CONSTANT_CONVERSION = YES;
				CLANG_WARN_DEPRECATED_OBJC_IMPLEMENTATIONS = YES;
				CLANG_WARN_DIRECT_OBJC_ISA_USAGE = YES_ERROR;
				CLANG_WARN_DOCUMENTATION_COMMENTS = YES;
				CLANG_WARN_EMPTY_BODY = YES;
				CLANG_WARN_ENUM_CONVERSION = YES;
				CLANG_WARN_INFINITE_RECURSION = YES;
				CLANG_WARN_INT_CONVERSION = YES;
				CLANG_WARN_NON_LITERAL_NULL_CONVERSION = YES;
				CLANG_WARN_OBJC_IMPLICIT_RETAIN_SELF = YES;
				CLANG_WARN_OBJC_LITERAL_CONVERSION = YES;
				CLANG_WARN_OBJC_ROOT_CLASS = YES_ERROR;
				CLANG_WARN_RANGE_LOOP_ANALYSIS = YES;
				CLANG_WARN_STRICT_PROTOTYPES = YES;
				CLANG_WARN_SUSPICIOUS_MOVE = YES;
				CLANG_WARN_UNGUARDED_AVAILABILITY = YES_AGGRESSIVE;
				CLANG_WARN_UNREACHABLE_CODE = YES;
				CLANG_WARN__DUPLICATE_METHOD_MATCH = YES;
				CODE_SIGN_IDENTITY = "iPhone Developer";
				COPY_PHASE_STRIP = NO;
				DEBUG_INFORMATION_FORMAT = dwarf;
				ENABLE_STRICT_OBJC_MSGSEND = YES;
				ENABLE_TESTABILITY = YES;
				GCC_C_LANGUAGE_STANDARD = gnu11;
				GCC_DYNAMIC_NO_PIC = NO;
				GCC_NO_COMMON_BLOCKS = YES;
				GCC_OPTIMIZATION_LEVEL = 0;
				GCC_PREPROCESSOR_DEFINITIONS = (
					"DEBUG=1",
					"$(inherited)",
				);
				GCC_WARN_64_TO_32_BIT_CONVERSION = YES;
				GCC_WARN_ABOUT_RETURN_TYPE = YES_ERROR;
				GCC_WARN_UNDECLARED_SELECTOR = YES;
				GCC_WARN_UNINITIALIZED_AUTOS = YES_AGGRESSIVE;
				GCC_WARN_UNUSED_FUNCTION = YES;
				GCC_WARN_UNUSED_VARIABLE = YES;
				IPHONEOS_DEPLOYMENT_TARGET = 12.1;
				MTL_ENABLE_DEBUG_INFO = INCLUDE_SOURCE;
				MTL_FAST_MATH = YES;
				ONLY_ACTIVE_ARCH = YES;
				SDKROOT = iphoneos;
				SWIFT_ACTIVE_COMPILATION_CONDITIONS = DEBUG;
				SWIFT_OPTIMIZATION_LEVEL = "-Onone";
			};
			name = Debug;
		};
		3AFAC64821F020800034739D /* Release */ = {
			isa = XCBuildConfiguration;
			buildSettings = {
				ALWAYS_SEARCH_USER_PATHS = NO;
				CLANG_ANALYZER_LOCALIZABILITY_NONLOCALIZED = YES;
				CLANG_ANALYZER_NONNULL = YES;
				CLANG_ANALYZER_NUMBER_OBJECT_CONVERSION = YES_AGGRESSIVE;
				CLANG_CXX_LANGUAGE_STANDARD = "gnu++14";
				CLANG_CXX_LIBRARY = "libc++";
				CLANG_ENABLE_MODULES = YES;
				CLANG_ENABLE_OBJC_ARC = YES;
				CLANG_ENABLE_OBJC_WEAK = YES;
				CLANG_WARN_BLOCK_CAPTURE_AUTORELEASING = YES;
				CLANG_WARN_BOOL_CONVERSION = YES;
				CLANG_WARN_COMMA = YES;
				CLANG_WARN_CONSTANT_CONVERSION = YES;
				CLANG_WARN_DEPRECATED_OBJC_IMPLEMENTATIONS = YES;
				CLANG_WARN_DIRECT_OBJC_ISA_USAGE = YES_ERROR;
				CLANG_WARN_DOCUMENTATION_COMMENTS = YES;
				CLANG_WARN_EMPTY_BODY = YES;
				CLANG_WARN_ENUM_CONVERSION = YES;
				CLANG_WARN_INFINITE_RECURSION = YES;
				CLANG_WARN_INT_CONVERSION = YES;
				CLANG_WARN_NON_LITERAL_NULL_CONVERSION = YES;
				CLANG_WARN_OBJC_IMPLICIT_RETAIN_SELF = YES;
				CLANG_WARN_OBJC_LITERAL_CONVERSION = YES;
				CLANG_WARN_OBJC_ROOT_CLASS = YES_ERROR;
				CLANG_WARN_RANGE_LOOP_ANALYSIS = YES;
				CLANG_WARN_STRICT_PROTOTYPES = YES;
				CLANG_WARN_SUSPICIOUS_MOVE = YES;
				CLANG_WARN_UNGUARDED_AVAILABILITY = YES_AGGRESSIVE;
				CLANG_WARN_UNREACHABLE_CODE = YES;
				CLANG_WARN__DUPLICATE_METHOD_MATCH = YES;
				CODE_SIGN_IDENTITY = "iPhone Developer";
				COPY_PHASE_STRIP = NO;
				DEBUG_INFORMATION_FORMAT = "dwarf-with-dsym";
				ENABLE_NS_ASSERTIONS = NO;
				ENABLE_STRICT_OBJC_MSGSEND = YES;
				GCC_C_LANGUAGE_STANDARD = gnu11;
				GCC_NO_COMMON_BLOCKS = YES;
				GCC_WARN_64_TO_32_BIT_CONVERSION = YES;
				GCC_WARN_ABOUT_RETURN_TYPE = YES_ERROR;
				GCC_WARN_UNDECLARED_SELECTOR = YES;
				GCC_WARN_UNINITIALIZED_AUTOS = YES_AGGRESSIVE;
				GCC_WARN_UNUSED_FUNCTION = YES;
				GCC_WARN_UNUSED_VARIABLE = YES;
				IPHONEOS_DEPLOYMENT_TARGET = 12.1;
				MTL_ENABLE_DEBUG_INFO = NO;
				MTL_FAST_MATH = YES;
				SDKROOT = iphoneos;
				SWIFT_COMPILATION_MODE = wholemodule;
				SWIFT_OPTIMIZATION_LEVEL = "-O";
				VALIDATE_PRODUCT = YES;
			};
			name = Release;
		};
		3AFAC64A21F020800034739D /* Debug */ = {
			isa = XCBuildConfiguration;
			buildSettings = {
				ASSETCATALOG_COMPILER_APPICON_NAME = AppIcon;
				CODE_SIGN_STYLE = Automatic;
				DEVELOPMENT_TEAM = S8FBP4YLUA;
				INFOPLIST_FILE = LocalizeDemo/Info.plist;
				LD_RUNPATH_SEARCH_PATHS = (
					"$(inherited)",
					"@executable_path/Frameworks",
				);
				PRODUCT_BUNDLE_IDENTIFIER = CSIEiMac.LocalizeDemo;
				PRODUCT_NAME = "$(TARGET_NAME)";
				SWIFT_VERSION = 4.2;
				TARGETED_DEVICE_FAMILY = "1,2";
			};
			name = Debug;
		};
		3AFAC64B21F020800034739D /* Release */ = {
			isa = XCBuildConfiguration;
			buildSettings = {
				ASSETCATALOG_COMPILER_APPICON_NAME = AppIcon;
				CODE_SIGN_STYLE = Automatic;
				DEVELOPMENT_TEAM = S8FBP4YLUA;
				INFOPLIST_FILE = LocalizeDemo/Info.plist;
				LD_RUNPATH_SEARCH_PATHS = (
					"$(inherited)",
					"@executable_path/Frameworks",
				);
				PRODUCT_BUNDLE_IDENTIFIER = CSIEiMac.LocalizeDemo;
				PRODUCT_NAME = "$(TARGET_NAME)";
				SWIFT_VERSION = 4.2;
				TARGETED_DEVICE_FAMILY = "1,2";
			};
			name = Release;
		};
/* End XCBuildConfiguration section */

/* Begin XCConfigurationList section */
		3AFAC63221F0207E0034739D /* Build configuration list for PBXProject "LocalizeDemo" */ = {
			isa = XCConfigurationList;
			buildConfigurations = (
				3AFAC64721F020800034739D /* Debug */,
				3AFAC64821F020800034739D /* Release */,
			);
			defaultConfigurationIsVisible = 0;
			defaultConfigurationName = Release;
		};
		3AFAC64921F020800034739D /* Build configuration list for PBXNativeTarget "LocalizeDemo" */ = {
			isa = XCConfigurationList;
			buildConfigurations = (
				3AFAC64A21F020800034739D /* Debug */,
				3AFAC64B21F020800034739D /* Release */,
			);
			defaultConfigurationIsVisible = 0;
			defaultConfigurationName = Release;
		};
/* End XCConfigurationList section */
	};
	rootObject = 3AFAC62F21F0207E0034739D /* Project object */;
}
