// !$*UTF8*$!
{
	archiveVersion = 1;
	classes = {
	};
	objectVersion = 48;
	objects = {

/* Begin PBXBuildFile section */
		3A60C0821FF08F8000211CC4 /* SecondVC.swift in Sources */ = {isa = PBXBuildFile; fileRef = 3A60C0811FF08F8000211CC4 /* SecondVC.swift */; };
		3A60C0841FF08F9600211CC4 /* SecondView.swift in Sources */ = {isa = PBXBuildFile; fileRef = 3A60C0831FF08F9600211CC4 /* SecondView.swift */; };
		3A6B7E9721A65B7E00DE7C12 /* CollectionViewCell.swift in Sources */ = {isa = PBXBuildFile; fileRef = 3A6B7E9621A65B7E00DE7C12 /* CollectionViewCell.swift */; };
		3A7F70C71FE75E3300CDF641 /* AppDelegate.swift in Sources */ = {isa = PBXBuildFile; fileRef = 3A7F70C61FE75E3300CDF641 /* AppDelegate.swift */; };
		3A7F70CC1FE75E3300CDF641 /* Main.storyboard in Resources */ = {isa = PBXBuildFile; fileRef = 3A7F70CA1FE75E3300CDF641 /* Main.storyboard */; };
		3A7F70CE1FE75E3300CDF641 /* Assets.xcassets in Resources */ = {isa = PBXBuildFile; fileRef = 3A7F70CD1FE75E3300CDF641 /* Assets.xcassets */; };
		3A7F70D11FE75E3300CDF641 /* LaunchScreen.storyboard in Resources */ = {isa = PBXBuildFile; fileRef = 3A7F70CF1FE75E3300CDF641 /* LaunchScreen.storyboard */; };
		3A7F70DD1FE762FD00CDF641 /* MainVC.swift in Sources */ = {isa = PBXBuildFile; fileRef = 3A7F70DC1FE762FD00CDF641 /* MainVC.swift */; };
		3A7F70DF1FE7631100CDF641 /* MainView.swift in Sources */ = {isa = PBXBuildFile; fileRef = 3A7F70DE1FE7631100CDF641 /* MainView.swift */; };
/* End PBXBuildFile section */

/* Begin PBXFileReference section */
		3A60C0811FF08F8000211CC4 /* SecondVC.swift */ = {isa = PBXFileReference; lastKnownFileType = sourcecode.swift; path = SecondVC.swift; sourceTree = "<group>"; };
		3A60C0831FF08F9600211CC4 /* SecondView.swift */ = {isa = PBXFileReference; lastKnownFileType = sourcecode.swift; path = SecondView.swift; sourceTree = "<group>"; };
		3A6B7E9621A65B7E00DE7C12 /* CollectionViewCell.swift */ = {isa = PBXFileReference; lastKnownFileType = sourcecode.swift; path = CollectionViewCell.swift; sourceTree = "<group>"; };
		3A7F70C31FE75E3300CDF641 /* testPhotoKit.app */ = {isa = PBXFileReference; explicitFileType = wrapper.application; includeInIndex = 0; path = testPhotoKit.app; sourceTree = BUILT_PRODUCTS_DIR; };
		3A7F70C61FE75E3300CDF641 /* AppDelegate.swift */ = {isa = PBXFileReference; lastKnownFileType = sourcecode.swift; path = AppDelegate.swift; sourceTree = "<group>"; };
		3A7F70CB1FE75E3300CDF641 /* Base */ = {isa = PBXFileReference; lastKnownFileType = file.storyboard; name = Base; path = Base.lproj/Main.storyboard; sourceTree = "<group>"; };
		3A7F70CD1FE75E3300CDF641 /* Assets.xcassets */ = {isa = PBXFileReference; lastKnownFileType = folder.assetcatalog; path = Assets.xcassets; sourceTree = "<group>"; };
		3A7F70D01FE75E3300CDF641 /* Base */ = {isa = PBXFileReference; lastKnownFileType = file.storyboard; name = Base; path = Base.lproj/LaunchScreen.storyboard; sourceTree = "<group>"; };
		3A7F70D21FE75E3300CDF641 /* Info.plist */ = {isa = PBXFileReference; lastKnownFileType = text.plist.xml; path = Info.plist; sourceTree = "<group>"; };
		3A7F70DC1FE762FD00CDF641 /* MainVC.swift */ = {isa = PBXFileReference; lastKnownFileType = sourcecode.swift; path = MainVC.swift; sourceTree = "<group>"; };
		3A7F70DE1FE7631100CDF641 /* MainView.swift */ = {isa = PBXFileReference; lastKnownFileType = sourcecode.swift; path = MainView.swift; sourceTree = "<group>"; };
/* End PBXFileReference section */

/* Begin PBXFrameworksBuildPhase section */
		3A7F70C01FE75E3300CDF641 /* Frameworks */ = {
			isa = PBXFrameworksBuildPhase;
			buildActionMask = 2147483647;
			files = (
			);
			runOnlyForDeploymentPostprocessing = 0;
		};
/* End PBXFrameworksBuildPhase section */

/* Begin PBXGroup section */
		3A7F70BA1FE75E3300CDF641 = {
			isa = PBXGroup;
			children = (
				3A7F70C51FE75E3300CDF641 /* testPhotoKit */,
				3A7F70C41FE75E3300CDF641 /* Products */,
			);
			sourceTree = "<group>";
		};
		3A7F70C41FE75E3300CDF641 /* Products */ = {
			isa = PBXGroup;
			children = (
				3A7F70C31FE75E3300CDF641 /* testPhotoKit.app */,
			);
			name = Products;
			sourceTree = "<group>";
		};
		3A7F70C51FE75E3300CDF641 /* testPhotoKit */ = {
			isa = PBXGroup;
			children = (
				3A7F70D81FE762C300CDF641 /* classes */,
				3A7F70C61FE75E3300CDF641 /* AppDelegate.swift */,
				3A7F70CA1FE75E3300CDF641 /* Main.storyboard */,
				3A7F70CD1FE75E3300CDF641 /* Assets.xcassets */,
				3A7F70CF1FE75E3300CDF641 /* LaunchScreen.storyboard */,
				3A7F70D21FE75E3300CDF641 /* Info.plist */,
			);
			path = testPhotoKit;
			sourceTree = "<group>";
		};
		3A7F70D81FE762C300CDF641 /* classes */ = {
			isa = PBXGroup;
			children = (
				3A7F70D91FE762C300CDF641 /* models */,
				3A7F70DA1FE762C300CDF641 /* controllers */,
				3A7F70DB1FE762C300CDF641 /* views */,
			);
			path = classes;
			sourceTree = "<group>";
		};
		3A7F70D91FE762C300CDF641 /* models */ = {
			isa = PBXGroup;
			children = (
			);
			path = models;
			sourceTree = "<group>";
		};
		3A7F70DA1FE762C300CDF641 /* controllers */ = {
			isa = PBXGroup;
			children = (
				3A7F70DC1FE762FD00CDF641 /* MainVC.swift */,
				3A60C0811FF08F8000211CC4 /* SecondVC.swift */,
			);
			path = controllers;
			sourceTree = "<group>";
		};
		3A7F70DB1FE762C300CDF641 /* views */ = {
			isa = PBXGroup;
			children = (
				3A7F70DE1FE7631100CDF641 /* MainView.swift */,
				3A60C0831FF08F9600211CC4 /* SecondView.swift */,
				3A6B7E9621A65B7E00DE7C12 /* CollectionViewCell.swift */,
			);
			path = views;
			sourceTree = "<group>";
		};
/* End PBXGroup section */

/* Begin PBXNativeTarget section */
		3A7F70C21FE75E3300CDF641 /* testPhotoKit */ = {
			isa = PBXNativeTarget;
			buildConfigurationList = 3A7F70D51FE75E3300CDF641 /* Build configuration list for PBXNativeTarget "testPhotoKit" */;
			buildPhases = (
				3A7F70BF1FE75E3300CDF641 /* Sources */,
				3A7F70C01FE75E3300CDF641 /* Frameworks */,
				3A7F70C11FE75E3300CDF641 /* Resources */,
			);
			buildRules = (
			);
			dependencies = (
			);
			name = testPhotoKit;
			productName = testPhotoKit;
			productReference = 3A7F70C31FE75E3300CDF641 /* testPhotoKit.app */;
			productType = "com.apple.product-type.application";
		};
/* End PBXNativeTarget section */

/* Begin PBXProject section */
		3A7F70BB1FE75E3300CDF641 /* Project object */ = {
			isa = PBXProject;
			attributes = {
				LastSwiftUpdateCheck = 0920;
				LastUpgradeCheck = 0920;
				ORGANIZATIONNAME = "陳鍵群";
				TargetAttributes = {
					3A7F70C21FE75E3300CDF641 = {
						CreatedOnToolsVersion = 9.2;
						ProvisioningStyle = Automatic;
					};
				};
			};
			buildConfigurationList = 3A7F70BE1FE75E3300CDF641 /* Build configuration list for PBXProject "testPhotoKit" */;
			compatibilityVersion = "Xcode 8.0";
			developmentRegion = en;
			hasScannedForEncodings = 0;
			knownRegions = (
				en,
				Base,
			);
			mainGroup = 3A7F70BA1FE75E3300CDF641;
			productRefGroup = 3A7F70C41FE75E3300CDF641 /* Products */;
			projectDirPath = "";
			projectRoot = "";
			targets = (
				3A7F70C21FE75E3300CDF641 /* testPhotoKit */,
			);
		};
/* End PBXProject section */

/* Begin PBXResourcesBuildPhase section */
		3A7F70C11FE75E3300CDF641 /* Resources */ = {
			isa = PBXResourcesBuildPhase;
			buildActionMask = 2147483647;
			files = (
				3A7F70D11FE75E3300CDF641 /* LaunchScreen.storyboard in Resources */,
				3A7F70CE1FE75E3300CDF641 /* Assets.xcassets in Resources */,
				3A7F70CC1FE75E3300CDF641 /* Main.storyboard in Resources */,
			);
			runOnlyForDeploymentPostprocessing = 0;
		};
/* End PBXResourcesBuildPhase section */

/* Begin PBXSourcesBuildPhase section */
		3A7F70BF1FE75E3300CDF641 /* Sources */ = {
			isa = PBXSourcesBuildPhase;
			buildActionMask = 2147483647;
			files = (
				3A7F70DF1FE7631100CDF641 /* MainView.swift in Sources */,
				3A60C0841FF08F9600211CC4 /* SecondView.swift in Sources */,
				3A6B7E9721A65B7E00DE7C12 /* CollectionViewCell.swift in Sources */,
				3A7F70DD1FE762FD00CDF641 /* MainVC.swift in Sources */,
				3A60C0821FF08F8000211CC4 /* SecondVC.swift in Sources */,
				3A7F70C71FE75E3300CDF641 /* AppDelegate.swift in Sources */,
			);
			runOnlyForDeploymentPostprocessing = 0;
		};
/* End PBXSourcesBuildPhase section */

/* Begin PBXVariantGroup section */
		3A7F70CA1FE75E3300CDF641 /* Main.storyboard */ = {
			isa = PBXVariantGroup;
			children = (
				3A7F70CB1FE75E3300CDF641 /* Base */,
			);
			name = Main.storyboard;
			sourceTree = "<group>";
		};
		3A7F70CF1FE75E3300CDF641 /* LaunchScreen.storyboard */ = {
			isa = PBXVariantGroup;
			children = (
				3A7F70D01FE75E3300CDF641 /* Base */,
			);
			name = LaunchScreen.storyboard;
			sourceTree = "<group>";
		};
/* End PBXVariantGroup section */

/* Begin XCBuildConfiguration section */
		3A7F70D31FE75E3300CDF641 /* Debug */ = {
			isa = XCBuildConfiguration;
			buildSettings = {
				ALWAYS_SEARCH_USER_PATHS = NO;
				CLANG_ANALYZER_NONNULL = YES;
				CLANG_ANALYZER_NUMBER_OBJECT_CONVERSION = YES_AGGRESSIVE;
				CLANG_CXX_LANGUAGE_STANDARD = "gnu++14";
				CLANG_CXX_LIBRARY = "libc++";
				CLANG_ENABLE_MODULES = YES;
				CLANG_ENABLE_OBJC_ARC = YES;
				CLANG_WARN_BLOCK_CAPTURE_AUTORELEASING = YES;
				CLANG_WARN_BOOL_CONVERSION = YES;
				CLANG_WARN_COMMA = YES;
				CLANG_WARN_CONSTANT_CONVERSION = YES;
				CLANG_WARN_DIRECT_OBJC_ISA_USAGE = YES_ERROR;
				CLANG_WARN_DOCUMENTATION_COMMENTS = YES;
				CLANG_WARN_EMPTY_BODY = YES;
				CLANG_WARN_ENUM_CONVERSION = YES;
				CLANG_WARN_INFINITE_RECURSION = YES;
				CLANG_WARN_INT_CONVERSION = YES;
				CLANG_WARN_NON_LITERAL_NULL_CONVERSION = YES;
				CLANG_WARN_OBJC_LITERAL_CONVERSION = YES;
				CLANG_WARN_OBJC_ROOT_CLASS = YES_ERROR;
				CLANG_WARN_RANGE_LOOP_ANALYSIS = YES;
				CLANG_WARN_STRICT_PROTOTYPES = YES;
				CLANG_WARN_SUSPICIOUS_MOVE = YES;
				CLANG_WARN_UNGUARDED_AVAILABILITY = YES_AGGRESSIVE;
				CLANG_WARN_UNREACHABLE_CODE = YES;
				CLANG_WARN__DUPLICATE_METHOD_MATCH = YES;
				CODE_SIGN_IDENTITY = "iPhone Developer";
				COPY_PHASE_STRIP = NO;
				DEBUG_INFORMATION_FORMAT = dwarf;
				ENABLE_STRICT_OBJC_MSGSEND = YES;
				ENABLE_TESTABILITY = YES;
				GCC_C_LANGUAGE_STANDARD = gnu11;
				GCC_DYNAMIC_NO_PIC = NO;
				GCC_NO_COMMON_BLOCKS = YES;
				GCC_OPTIMIZATION_LEVEL = 0;
				GCC_PREPROCESSOR_DEFINITIONS = (
					"DEBUG=1",
					"$(inherited)",
				);
				GCC_WARN_64_TO_32_BIT_CONVERSION = YES;
				GCC_WARN_ABOUT_RETURN_TYPE = YES_ERROR;
				GCC_WARN_UNDECLARED_SELECTOR = YES;
				GCC_WARN_UNINITIALIZED_AUTOS = YES_AGGRESSIVE;
				GCC_WARN_UNUSED_FUNCTION = YES;
				GCC_WARN_UNUSED_VARIABLE = YES;
				IPHONEOS_DEPLOYMENT_TARGET = 11.2;
				MTL_ENABLE_DEBUG_INFO = YES;
				ONLY_ACTIVE_ARCH = YES;
				SDKROOT = iphoneos;
				SWIFT_ACTIVE_COMPILATION_CONDITIONS = DEBUG;
				SWIFT_OPTIMIZATION_LEVEL = "-Onone";
			};
			name = Debug;
		};
		3A7F70D41FE75E3300CDF641 /* Release */ = {
			isa = XCBuildConfiguration;
			buildSettings = {
				ALWAYS_SEARCH_USER_PATHS = NO;
				CLANG_ANALYZER_NONNULL = YES;
				CLANG_ANALYZER_NUMBER_OBJECT_CONVERSION = YES_AGGRESSIVE;
				CLANG_CXX_LANGUAGE_STANDARD = "gnu++14";
				CLANG_CXX_LIBRARY = "libc++";
				CLANG_ENABLE_MODULES = YES;
				CLANG_ENABLE_OBJC_ARC = YES;
				CLANG_WARN_BLOCK_CAPTURE_AUTORELEASING = YES;
				CLANG_WARN_BOOL_CONVERSION = YES;
				CLANG_WARN_COMMA = YES;
				CLANG_WARN_CONSTANT_CONVERSION = YES;
				CLANG_WARN_DIRECT_OBJC_ISA_USAGE = YES_ERROR;
				CLANG_WARN_DOCUMENTATION_COMMENTS = YES;
				CLANG_WARN_EMPTY_BODY = YES;
				CLANG_WARN_ENUM_CONVERSION = YES;
				CLANG_WARN_INFINITE_RECURSION = YES;
				CLANG_WARN_INT_CONVERSION = YES;
				CLANG_WARN_NON_LITERAL_NULL_CONVERSION = YES;
				CLANG_WARN_OBJC_LITERAL_CONVERSION = YES;
				CLANG_WARN_OBJC_ROOT_CLASS = YES_ERROR;
				CLANG_WARN_RANGE_LOOP_ANALYSIS = YES;
				CLANG_WARN_STRICT_PROTOTYPES = YES;
				CLANG_WARN_SUSPICIOUS_MOVE = YES;
				CLANG_WARN_UNGUARDED_AVAILABILITY = YES_AGGRESSIVE;
				CLANG_WARN_UNREACHABLE_CODE = YES;
				CLANG_WARN__DUPLICATE_METHOD_MATCH = YES;
				CODE_SIGN_IDENTITY = "iPhone Developer";
				COPY_PHASE_STRIP = NO;
				DEBUG_INFORMATION_FORMAT = "dwarf-with-dsym";
				ENABLE_NS_ASSERTIONS = NO;
				ENABLE_STRICT_OBJC_MSGSEND = YES;
				GCC_C_LANGUAGE_STANDARD = gnu11;
				GCC_NO_COMMON_BLOCKS = YES;
				GCC_WARN_64_TO_32_BIT_CONVERSION = YES;
				GCC_WARN_ABOUT_RETURN_TYPE = YES_ERROR;
				GCC_WARN_UNDECLARED_SELECTOR = YES;
				GCC_WARN_UNINITIALIZED_AUTOS = YES_AGGRESSIVE;
				GCC_WARN_UNUSED_FUNCTION = YES;
				GCC_WARN_UNUSED_VARIABLE = YES;
				IPHONEOS_DEPLOYMENT_TARGET = 11.2;
				MTL_ENABLE_DEBUG_INFO = NO;
				SDKROOT = iphoneos;
				SWIFT_OPTIMIZATION_LEVEL = "-Owholemodule";
				VALIDATE_PRODUCT = YES;
			};
			name = Release;
		};
		3A7F70D61FE75E3300CDF641 /* Debug */ = {
			isa = XCBuildConfiguration;
			buildSettings = {
				ASSETCATALOG_COMPILER_APPICON_NAME = AppIcon;
				CODE_SIGN_STYLE = Automatic;
				DEVELOPMENT_TEAM = S8FBP4YLUA;
				INFOPLIST_FILE = testPhotoKit/Info.plist;
				IPHONEOS_DEPLOYMENT_TARGET = 11.0;
				LD_RUNPATH_SEARCH_PATHS = "$(inherited) @executable_path/Frameworks";
				PRODUCT_BUNDLE_IDENTIFIER = CSIEiMac.testPhotoKit;
				PRODUCT_NAME = "$(TARGET_NAME)";
				SWIFT_VERSION = 4.0;
				TARGETED_DEVICE_FAMILY = "1,2";
			};
			name = Debug;
		};
		3A7F70D71FE75E3300CDF641 /* Release */ = {
			isa = XCBuildConfiguration;
			buildSettings = {
				ASSETCATALOG_COMPILER_APPICON_NAME = AppIcon;
				CODE_SIGN_STYLE = Automatic;
				DEVELOPMENT_TEAM = S8FBP4YLUA;
				INFOPLIST_FILE = testPhotoKit/Info.plist;
				IPHONEOS_DEPLOYMENT_TARGET = 11.0;
				LD_RUNPATH_SEARCH_PATHS = "$(inherited) @executable_path/Frameworks";
				PRODUCT_BUNDLE_IDENTIFIER = CSIEiMac.testPhotoKit;
				PRODUCT_NAME = "$(TARGET_NAME)";
				SWIFT_VERSION = 4.0;
				TARGETED_DEVICE_FAMILY = "1,2";
			};
			name = Release;
		};
/* End XCBuildConfiguration section */

/* Begin XCConfigurationList section */
		3A7F70BE1FE75E3300CDF641 /* Build configuration list for PBXProject "testPhotoKit" */ = {
			isa = XCConfigurationList;
			buildConfigurations = (
				3A7F70D31FE75E3300CDF641 /* Debug */,
				3A7F70D41FE75E3300CDF641 /* Release */,
			);
			defaultConfigurationIsVisible = 0;
			defaultConfigurationName = Release;
		};
		3A7F70D51FE75E3300CDF641 /* Build configuration list for PBXNativeTarget "testPhotoKit" */ = {
			isa = XCConfigurationList;
			buildConfigurations = (
				3A7F70D61FE75E3300CDF641 /* Debug */,
				3A7F70D71FE75E3300CDF641 /* Release */,
			);
			defaultConfigurationIsVisible = 0;
			defaultConfigurationName = Release;
		};
/* End XCConfigurationList section */
	};
	rootObject = 3A7F70BB1FE75E3300CDF641 /* Project object */;
}
